
Microsoft Visual Studio Solution File, Format Version 12.00
# Visual Studio Version 17
VisualStudioVersion = 17.3.32804.467
MinimumVisualStudioVersion = 10.0.40219.1
Project("{9A19103F-16F7-4668-BE54-9A1E7A4F7556}") = "SudokuMain", "SudokuMain\SudokuMain.csproj", "{8864FD96-190C-4307-87FE-B67D8E67A0B8}"
EndProject
Project("{9A19103F-16F7-4668-BE54-9A1E7A4F7556}") = "SudokuCreation", "SudokuCreation\SudokuCreation.csproj", "{EDE6B019-9029-421B-84AB-9E70200FEE7D}"
EndProject
Project("{9A19103F-16F7-4668-BE54-9A1E7A4F7556}") = "SudokuLogger", "SudokuLogger\SudokuLogger.csproj", "{01719D6E-0B8F-41E1-AC1C-85C87ED057C7}"
EndProject
Project("{9A19103F-16F7-4668-BE54-9A1E7A4F7556}") = "SudokuBase", "SudokuBase\SudokuBase.csproj", "{06C0176D-9E72-4F07-9BFC-78D7991404D9}"
EndProject
Project("{FAE04EC0-301F-11D3-BF4B-00C04F79EFBC}") = "SudokuCreationTester", "SudokuCreationTester\SudokuCreationTester.csproj", "{4034F7CB-EA7D-45D9-9A4C-57035FC9717F}"
EndProject
Global
	GlobalSection(SolutionConfigurationPlatforms) = preSolution
		Debug|Any CPU = Debug|Any CPU
		Release|Any CPU = Release|Any CPU
	EndGlobalSection
	GlobalSection(ProjectConfigurationPlatforms) = postSolution
		{8864FD96-190C-4307-87FE-B67D8E67A0B8}.Debug|Any CPU.ActiveCfg = Debug|Any CPU
		{8864FD96-190C-4307-87FE-B67D8E67A0B8}.Debug|Any CPU.Build.0 = Debug|Any CPU
		{8864FD96-190C-4307-87FE-B67D8E67A0B8}.Release|Any CPU.ActiveCfg = Release|Any CPU
		{8864FD96-190C-4307-87FE-B67D8E67A0B8}.Release|Any CPU.Build.0 = Release|Any CPU
		{EDE6B019-9029-421B-84AB-9E70200FEE7D}.Debug|Any CPU.ActiveCfg = Debug|Any CPU
		{EDE6B019-9029-421B-84AB-9E70200FEE7D}.Debug|Any CPU.Build.0 = Debug|Any CPU
		{EDE6B019-9029-421B-84AB-9E70200FEE7D}.Release|Any CPU.ActiveCfg = Release|Any CPU
		{EDE6B019-9029-421B-84AB-9E70200FEE7D}.Release|Any CPU.Build.0 = Release|Any CPU
		{01719D6E-0B8F-41E1-AC1C-85C87ED057C7}.Debug|Any CPU.ActiveCfg = Debug|Any CPU
		{01719D6E-0B8F-41E1-AC1C-85C87ED057C7}.Debug|Any CPU.Build.0 = Debug|Any CPU
		{01719D6E-0B8F-41E1-AC1C-85C87ED057C7}.Release|Any CPU.ActiveCfg = Release|Any CPU
		{01719D6E-0B8F-41E1-AC1C-85C87ED057C7}.Release|Any CPU.Build.0 = Release|Any CPU
		{06C0176D-9E72-4F07-9BFC-78D7991404D9}.Debug|Any CPU.ActiveCfg = Debug|Any CPU
		{06C0176D-9E72-4F07-9BFC-78D7991404D9}.Debug|Any CPU.Build.0 = Debug|Any CPU
		{06C0176D-9E72-4F07-9BFC-78D7991404D9}.Release|Any CPU.ActiveCfg = Release|Any CPU
		{06C0176D-9E72-4F07-9BFC-78D7991404D9}.Release|Any CPU.Build.0 = Release|Any CPU
		{4034F7CB-EA7D-45D9-9A4C-57035FC9717F}.Debug|Any CPU.ActiveCfg = Debug|Any CPU
		{4034F7CB-EA7D-45D9-9A4C-57035FC9717F}.Debug|Any CPU.Build.0 = Debug|Any CPU
		{4034F7CB-EA7D-45D9-9A4C-57035FC9717F}.Release|Any CPU.ActiveCfg = Release|Any CPU
		{4034F7CB-EA7D-45D9-9A4C-57035FC9717F}.Release|Any CPU.Build.0 = Release|Any CPU
	EndGlobalSection
	GlobalSection(SolutionProperties) = preSolution
		HideSolutionNode = FALSE
	EndGlobalSection
	GlobalSection(ExtensibilityGlobals) = postSolution
		SolutionGuid = {8B7620AF-55A7-44EA-B569-BAD3B1C584C8}
	EndGlobalSection
EndGlobal
